
Microsoft Visual Studio Solution File, Format Version 12.00
# Visual Studio 15
VisualStudioVersion = 15.0.27703.2042
MinimumVisualStudioVersion = 10.0.40219.1
Project("{FAE04EC0-301F-11D3-BF4B-00C04F79EFBC}") = "varcDB", "varcDB\varcDB.csproj", "{20584164-43B8-4787-9BEB-B9E435B7C29C}"
EndProject
Global
	GlobalSection(SolutionConfigurationPlatforms) = preSolution
		Debug|Any CPU = Debug|Any CPU
		Release|Any CPU = Release|Any CPU
	EndGlobalSection
	GlobalSection(ProjectConfigurationPlatforms) = postSolution
		{20584164-43B8-4787-9BEB-B9E435B7C29C}.Debug|Any CPU.ActiveCfg = Debug|Any CPU
		{20584164-43B8-4787-9BEB-B9E435B7C29C}.Debug|Any CPU.Build.0 = Debug|Any CPU
		{20584164-43B8-4787-9BEB-B9E435B7C29C}.Release|Any CPU.ActiveCfg = Release|Any CPU
		{20584164-43B8-4787-9BEB-B9E435B7C29C}.Release|Any CPU.Build.0 = Release|Any CPU
	EndGlobalSection
	GlobalSection(SolutionProperties) = preSolution
		HideSolutionNode = FALSE
	EndGlobalSection
	GlobalSection(ExtensibilityGlobals) = postSolution
		SolutionGuid = {6F851D26-B211-414A-9B87-33E452102E90}
	EndGlobalSection
EndGlobal
